
Microsoft Visual Studio Solution File, Format Version 12.00
# Visual Studio Version 17
VisualStudioVersion = 17.0.31903.59
MinimumVisualStudioVersion = 10.0.40219.1
Project("{2150E333-8FDC-42A3-9474-1A3956D46DE8}") = "src", "src", "{827E0CD3-B72D-47B6-A68D-7590B98EB39B}"
EndProject
Project("{FAE04EC0-301F-11D3-BF4B-00C04F79EFBC}") = "YACTR.Api", "src\YACTR.Api\YACTR.Api.csproj", "{561C7F39-9319-4530-81E0-2C37EAD66816}"
EndProject
Project("{FAE04EC0-301F-11D3-BF4B-00C04F79EFBC}") = "YACTR.Domain", "src\YACTR.Domain\YACTR.Domain.csproj", "{EE019EC6-29AD-4BF6-8F31-B0515F0EB50E}"
EndProject
Project("{FAE04EC0-301F-11D3-BF4B-00C04F79EFBC}") = "YACTR.Infrastructure", "src\YACTR.Infrastructure\YACTR.Infrastructure.csproj", "{251FB6F9-448C-4A39-84A3-6D399EA3EA63}"
EndProject
Project("{2150E333-8FDC-42A3-9474-1A3956D46DE8}") = "tests", "tests", "{0AB3BF05-4346-4AA6-1389-037BE0695223}"
EndProject
Project("{FAE04EC0-301F-11D3-BF4B-00C04F79EFBC}") = "YACTR.Api.Tests", "tests\YACTR.Api.Tests\YACTR.Api.Tests.csproj", "{103FEA76-9E0C-4ABC-AC68-77956CC2D81F}"
EndProject
Project("{FAE04EC0-301F-11D3-BF4B-00C04F79EFBC}") = "YACTR.Domain.Tests", "tests\YACTR.Domain.Tests\YACTR.Domain.Tests.csproj", "{D8392232-F7A1-4C8D-BB82-6F914DC3CF18}"
EndProject
Project("{FAE04EC0-301F-11D3-BF4B-00C04F79EFBC}") = "YACTR.Infrastructure.Tests", "tests\YACTR.Infrastructure.Tests\YACTR.Infrastructure.Tests.csproj", "{5B28131E-4D5E-4623-9B77-264B5E1A271A}"
EndProject
Global
	GlobalSection(SolutionConfigurationPlatforms) = preSolution
		Debug|Any CPU = Debug|Any CPU
		Debug|x64 = Debug|x64
		Debug|x86 = Debug|x86
		Release|Any CPU = Release|Any CPU
		Release|x64 = Release|x64
		Release|x86 = Release|x86
	EndGlobalSection
	GlobalSection(ProjectConfigurationPlatforms) = postSolution
		{561C7F39-9319-4530-81E0-2C37EAD66816}.Debug|Any CPU.ActiveCfg = Debug|Any CPU
		{561C7F39-9319-4530-81E0-2C37EAD66816}.Debug|Any CPU.Build.0 = Debug|Any CPU
		{561C7F39-9319-4530-81E0-2C37EAD66816}.Debug|x64.ActiveCfg = Debug|Any CPU
		{561C7F39-9319-4530-81E0-2C37EAD66816}.Debug|x64.Build.0 = Debug|Any CPU
		{561C7F39-9319-4530-81E0-2C37EAD66816}.Debug|x86.ActiveCfg = Debug|Any CPU
		{561C7F39-9319-4530-81E0-2C37EAD66816}.Debug|x86.Build.0 = Debug|Any CPU
		{561C7F39-9319-4530-81E0-2C37EAD66816}.Release|Any CPU.ActiveCfg = Release|Any CPU
		{561C7F39-9319-4530-81E0-2C37EAD66816}.Release|Any CPU.Build.0 = Release|Any CPU
		{561C7F39-9319-4530-81E0-2C37EAD66816}.Release|x64.ActiveCfg = Release|Any CPU
		{561C7F39-9319-4530-81E0-2C37EAD66816}.Release|x64.Build.0 = Release|Any CPU
		{561C7F39-9319-4530-81E0-2C37EAD66816}.Release|x86.ActiveCfg = Release|Any CPU
		{561C7F39-9319-4530-81E0-2C37EAD66816}.Release|x86.Build.0 = Release|Any CPU
		{EE019EC6-29AD-4BF6-8F31-B0515F0EB50E}.Debug|Any CPU.ActiveCfg = Debug|Any CPU
		{EE019EC6-29AD-4BF6-8F31-B0515F0EB50E}.Debug|Any CPU.Build.0 = Debug|Any CPU
		{EE019EC6-29AD-4BF6-8F31-B0515F0EB50E}.Debug|x64.ActiveCfg = Debug|Any CPU
		{EE019EC6-29AD-4BF6-8F31-B0515F0EB50E}.Debug|x64.Build.0 = Debug|Any CPU
		{EE019EC6-29AD-4BF6-8F31-B0515F0EB50E}.Debug|x86.ActiveCfg = Debug|Any CPU
		{EE019EC6-29AD-4BF6-8F31-B0515F0EB50E}.Debug|x86.Build.0 = Debug|Any CPU
		{EE019EC6-29AD-4BF6-8F31-B0515F0EB50E}.Release|Any CPU.ActiveCfg = Release|Any CPU
		{EE019EC6-29AD-4BF6-8F31-B0515F0EB50E}.Release|Any CPU.Build.0 = Release|Any CPU
		{EE019EC6-29AD-4BF6-8F31-B0515F0EB50E}.Release|x64.ActiveCfg = Release|Any CPU
		{EE019EC6-29AD-4BF6-8F31-B0515F0EB50E}.Release|x64.Build.0 = Release|Any CPU
		{EE019EC6-29AD-4BF6-8F31-B0515F0EB50E}.Release|x86.ActiveCfg = Release|Any CPU
		{EE019EC6-29AD-4BF6-8F31-B0515F0EB50E}.Release|x86.Build.0 = Release|Any CPU
		{251FB6F9-448C-4A39-84A3-6D399EA3EA63}.Debug|Any CPU.ActiveCfg = Debug|Any CPU
		{251FB6F9-448C-4A39-84A3-6D399EA3EA63}.Debug|Any CPU.Build.0 = Debug|Any CPU
		{251FB6F9-448C-4A39-84A3-6D399EA3EA63}.Debug|x64.ActiveCfg = Debug|Any CPU
		{251FB6F9-448C-4A39-84A3-6D399EA3EA63}.Debug|x64.Build.0 = Debug|Any CPU
		{251FB6F9-448C-4A39-84A3-6D399EA3EA63}.Debug|x86.ActiveCfg = Debug|Any CPU
		{251FB6F9-448C-4A39-84A3-6D399EA3EA63}.Debug|x86.Build.0 = Debug|Any CPU
		{251FB6F9-448C-4A39-84A3-6D399EA3EA63}.Release|Any CPU.ActiveCfg = Release|Any CPU
		{251FB6F9-448C-4A39-84A3-6D399EA3EA63}.Release|Any CPU.Build.0 = Release|Any CPU
		{251FB6F9-448C-4A39-84A3-6D399EA3EA63}.Release|x64.ActiveCfg = Release|Any CPU
		{251FB6F9-448C-4A39-84A3-6D399EA3EA63}.Release|x64.Build.0 = Release|Any CPU
		{251FB6F9-448C-4A39-84A3-6D399EA3EA63}.Release|x86.ActiveCfg = Release|Any CPU
		{251FB6F9-448C-4A39-84A3-6D399EA3EA63}.Release|x86.Build.0 = Release|Any CPU
		{103FEA76-9E0C-4ABC-AC68-77956CC2D81F}.Debug|Any CPU.ActiveCfg = Debug|Any CPU
		{103FEA76-9E0C-4ABC-AC68-77956CC2D81F}.Debug|Any CPU.Build.0 = Debug|Any CPU
		{103FEA76-9E0C-4ABC-AC68-77956CC2D81F}.Debug|x64.ActiveCfg = Debug|Any CPU
		{103FEA76-9E0C-4ABC-AC68-77956CC2D81F}.Debug|x64.Build.0 = Debug|Any CPU
		{103FEA76-9E0C-4ABC-AC68-77956CC2D81F}.Debug|x86.ActiveCfg = Debug|Any CPU
		{103FEA76-9E0C-4ABC-AC68-77956CC2D81F}.Debug|x86.Build.0 = Debug|Any CPU
		{103FEA76-9E0C-4ABC-AC68-77956CC2D81F}.Release|Any CPU.ActiveCfg = Release|Any CPU
		{103FEA76-9E0C-4ABC-AC68-77956CC2D81F}.Release|Any CPU.Build.0 = Release|Any CPU
		{103FEA76-9E0C-4ABC-AC68-77956CC2D81F}.Release|x64.ActiveCfg = Release|Any CPU
		{103FEA76-9E0C-4ABC-AC68-77956CC2D81F}.Release|x64.Build.0 = Release|Any CPU
		{103FEA76-9E0C-4ABC-AC68-77956CC2D81F}.Release|x86.ActiveCfg = Release|Any CPU
		{103FEA76-9E0C-4ABC-AC68-77956CC2D81F}.Release|x86.Build.0 = Release|Any CPU
		{D8392232-F7A1-4C8D-BB82-6F914DC3CF18}.Debug|Any CPU.ActiveCfg = Debug|Any CPU
		{D8392232-F7A1-4C8D-BB82-6F914DC3CF18}.Debug|Any CPU.Build.0 = Debug|Any CPU
		{D8392232-F7A1-4C8D-BB82-6F914DC3CF18}.Debug|x64.ActiveCfg = Debug|Any CPU
		{D8392232-F7A1-4C8D-BB82-6F914DC3CF18}.Debug|x64.Build.0 = Debug|Any CPU
		{D8392232-F7A1-4C8D-BB82-6F914DC3CF18}.Debug|x86.ActiveCfg = Debug|Any CPU
		{D8392232-F7A1-4C8D-BB82-6F914DC3CF18}.Debug|x86.Build.0 = Debug|Any CPU
		{D8392232-F7A1-4C8D-BB82-6F914DC3CF18}.Release|Any CPU.ActiveCfg = Release|Any CPU
		{D8392232-F7A1-4C8D-BB82-6F914DC3CF18}.Release|Any CPU.Build.0 = Release|Any CPU
		{D8392232-F7A1-4C8D-BB82-6F914DC3CF18}.Release|x64.ActiveCfg = Release|Any CPU
		{D8392232-F7A1-4C8D-BB82-6F914DC3CF18}.Release|x64.Build.0 = Release|Any CPU
		{D8392232-F7A1-4C8D-BB82-6F914DC3CF18}.Release|x86.ActiveCfg = Release|Any CPU
		{D8392232-F7A1-4C8D-BB82-6F914DC3CF18}.Release|x86.Build.0 = Release|Any CPU
		{5B28131E-4D5E-4623-9B77-264B5E1A271A}.Debug|Any CPU.ActiveCfg = Debug|Any CPU
		{5B28131E-4D5E-4623-9B77-264B5E1A271A}.Debug|Any CPU.Build.0 = Debug|Any CPU
		{5B28131E-4D5E-4623-9B77-264B5E1A271A}.Debug|x64.ActiveCfg = Debug|Any CPU
		{5B28131E-4D5E-4623-9B77-264B5E1A271A}.Debug|x64.Build.0 = Debug|Any CPU
		{5B28131E-4D5E-4623-9B77-264B5E1A271A}.Debug|x86.ActiveCfg = Debug|Any CPU
		{5B28131E-4D5E-4623-9B77-264B5E1A271A}.Debug|x86.Build.0 = Debug|Any CPU
		{5B28131E-4D5E-4623-9B77-264B5E1A271A}.Release|Any CPU.ActiveCfg = Release|Any CPU
		{5B28131E-4D5E-4623-9B77-264B5E1A271A}.Release|Any CPU.Build.0 = Release|Any CPU
		{5B28131E-4D5E-4623-9B77-264B5E1A271A}.Release|x64.ActiveCfg = Release|Any CPU
		{5B28131E-4D5E-4623-9B77-264B5E1A271A}.Release|x64.Build.0 = Release|Any CPU
		{5B28131E-4D5E-4623-9B77-264B5E1A271A}.Release|x86.ActiveCfg = Release|Any CPU
		{5B28131E-4D5E-4623-9B77-264B5E1A271A}.Release|x86.Build.0 = Release|Any CPU
	EndGlobalSection
	GlobalSection(SolutionProperties) = preSolution
		HideSolutionNode = FALSE
	EndGlobalSection
	GlobalSection(NestedProjects) = preSolution
		{561C7F39-9319-4530-81E0-2C37EAD66816} = {827E0CD3-B72D-47B6-A68D-7590B98EB39B}
		{EE019EC6-29AD-4BF6-8F31-B0515F0EB50E} = {827E0CD3-B72D-47B6-A68D-7590B98EB39B}
		{251FB6F9-448C-4A39-84A3-6D399EA3EA63} = {827E0CD3-B72D-47B6-A68D-7590B98EB39B}
		{103FEA76-9E0C-4ABC-AC68-77956CC2D81F} = {0AB3BF05-4346-4AA6-1389-037BE0695223}
		{D8392232-F7A1-4C8D-BB82-6F914DC3CF18} = {0AB3BF05-4346-4AA6-1389-037BE0695223}
		{5B28131E-4D5E-4623-9B77-264B5E1A271A} = {0AB3BF05-4346-4AA6-1389-037BE0695223}
	EndGlobalSection
EndGlobal
